golang.org/x/exp v0.0.0-20220407100705-7b9b53b0aca4 h1:K3x+yU+fbot38x5bQbU2QqUAVyYLEktdNH2GxZLnM3U=
golang.org/x/exp v0.0.0-20220407100705-7b9b53b0aca4/go.mod h1:lgLbSvA5ygNOMpwM/9anMpWVlVJ7Z+cHWq/eFuinpGE=
golang.org/x/net v0.0.0-20220412020605-290c469a71a5 h1:bRb386wvrE+oBNdF1d/Xh9mQrfQ4ecYhW5qJ5GvTGT4=
golang.org/x/net v0.0.0-20220412020605-290c469a71a5/go.mod h1:CfG3xpIq0wQ8r1q4Su4UZFWDARRcnwPjda9FqA0JpMk=
golang.org/x/text v0.3.7 h1:olpwvP2KacW1ZWvsR7uQhoyTYvKAupfQrRGBFM352Gk=
golang.org/x/text v0.3.7/go.mod h1:u+2+/6zg+i71rQMx5EYifcz6MCKuco9NR6JIITiCfzQ=
